
Microsoft Visual Studio Solution File, Format Version 12.00
# Visual Studio Version 16
VisualStudioVersion = 16.0.29025.244
MinimumVisualStudioVersion = 10.0.40219.1
Project("{FAE04EC0-301F-11D3-BF4B-00C04F79EFBC}") = "Dashboard", "Dashboard\Dashboard.csproj", "{B8BBD816-6CE7-4743-977B-2DD3C102A01D}"
EndProject
Global
	GlobalSection(SolutionConfigurationPlatforms) = preSolution
		Debug|Any CPU = Debug|Any CPU
		Release|Any CPU = Release|Any CPU
	EndGlobalSection
	GlobalSection(ProjectConfigurationPlatforms) = postSolution
		{B8BBD816-6CE7-4743-977B-2DD3C102A01D}.Debug|Any CPU.ActiveCfg = Debug|Any CPU
		{B8BBD816-6CE7-4743-977B-2DD3C102A01D}.Debug|Any CPU.Build.0 = Debug|Any CPU
		{B8BBD816-6CE7-4743-977B-2DD3C102A01D}.Release|Any CPU.ActiveCfg = Release|Any CPU
		{B8BBD816-6CE7-4743-977B-2DD3C102A01D}.Release|Any CPU.Build.0 = Release|Any CPU
	EndGlobalSection
	GlobalSection(SolutionProperties) = preSolution
		HideSolutionNode = FALSE
	EndGlobalSection
	GlobalSection(ExtensibilityGlobals) = postSolution
		SolutionGuid = {DE58F35C-AB28-4620-9F9D-2B836AEB9E27}
	EndGlobalSection
EndGlobal
